{
  "nodes": {
    "hyprland": {
      "inputs": {
        "nixpkgs": [
          "nixpkgs"
        ],
        "qtengine": "qtengine"
      },
      "locked": {
        "lastModified": 1789825592,
        "narHash": "sha256-ZEV/ghrYvpP/GwhdpNP5+GGax5X0CtGP3gz7uWxdmEM=",
        "path": "/home/ogre/.config/nix/modules/hyprland",
        "type": "path"
      },
      "original": {
        "path": "/home/ogre/.config/nix/modules/hyprland",
        "type": "path"
      }
    },
    "nixpkgs": {
      "locked": {
        "lastModified": 1789749394,
        "narHash": "sha256-cFTsMQz8Hzn8MT49oaeLSHg62tE86NykugCWkeM2ypk=",
        "owner": "NixOS",
        "repo": "nixpkgs",
        "rev": "cf9d2fb3e50fa1cd5114c47505ea9177f7ff5f49",
        "type": "github"
      },
      "original": {
        "owner": "NixOS",
        "ref": "nixos-26.05",
        "repo": "nixpkgs",
        "type": "github"
      }
    },
    "qtengine": {
      "inputs": {
        "nixpkgs": [
          "hyprland",
          "nixpkgs"
        ]
      },
      "locked": {
        "lastModified": 1778644540,
        "narHash": "sha256-D7mzavE5WfLyvEXV0pvO3/gxC+SSmfjw4Lxy7I5qvnI=",
        "owner": "kossLAN",
        "repo": "qtengine",
        "rev": "073987f0120ac77a92fb9f0c0877aa7f1f04d3bf",
        "type": "github"
      },
      "original": {
        "owner": "kossLAN",
        "repo": "qtengine",
        "type": "github"
      }
    },
    "root": {
      "inputs": {
        "hyprland": "hyprland",
        "nixpkgs": "nixpkgs"
      }
    }
  },
  "root": "root",
  "version": 7
}
